
Microsoft Visual Studio Solution File, Format Version 12.00
# Visual Studio 2012
Project("{FAE04EC0-301F-11D3-BF4B-00C04F79EFBC}") = "StartPage", "StartPage\StartPage\StartPage.csproj", "{9A548856-C0C5-4FD1-8537-828A703968E9}"
EndProject
Project("{FAE04EC0-301F-11D3-BF4B-00C04F79EFBC}") = "StartPageControl", "StartPage\StartPageControl\StartPageControl.csproj", "{8DE3B5BB-E124-4C00-9BEF-D23FBE7B644C}"
EndProject
Global
	GlobalSection(SolutionConfigurationPlatforms) = preSolution
		Debug|Any CPU = Debug|Any CPU
		Release|Any CPU = Release|Any CPU
	EndGlobalSection
	GlobalSection(ProjectConfigurationPlatforms) = postSolution
		{9A548856-C0C5-4FD1-8537-828A703968E9}.Debug|Any CPU.ActiveCfg = Debug|Any CPU
		{9A548856-C0C5-4FD1-8537-828A703968E9}.Debug|Any CPU.Build.0 = Debug|Any CPU
		{9A548856-C0C5-4FD1-8537-828A703968E9}.Release|Any CPU.ActiveCfg = Release|Any CPU
		{9A548856-C0C5-4FD1-8537-828A703968E9}.Release|Any CPU.Build.0 = Release|Any CPU
		{8DE3B5BB-E124-4C00-9BEF-D23FBE7B644C}.Debug|Any CPU.ActiveCfg = Debug|Any CPU
		{8DE3B5BB-E124-4C00-9BEF-D23FBE7B644C}.Debug|Any CPU.Build.0 = Debug|Any CPU
		{8DE3B5BB-E124-4C00-9BEF-D23FBE7B644C}.Release|Any CPU.ActiveCfg = Release|Any CPU
		{8DE3B5BB-E124-4C00-9BEF-D23FBE7B644C}.Release|Any CPU.Build.0 = Release|Any CPU
	EndGlobalSection
	GlobalSection(SolutionProperties) = preSolution
		HideSolutionNode = FALSE
	EndGlobalSection
EndGlobal
